
Microsoft Visual Studio Solution File, Format Version 12.00
# Visual Studio Version 17
VisualStudioVersion = 17.5.002.0
MinimumVisualStudioVersion = 10.0.40219.1
Project("{9A19103F-16F7-4668-BE54-9A1E7A4F7556}") = "RazorFan", "RazorFan.csproj", "{21F52AB2-59F5-4E93-AA90-128D1A15128D}"
EndProject
Global
	GlobalSection(SolutionConfigurationPlatforms) = preSolution
		Debug|Any CPU = Debug|Any CPU
		Release|Any CPU = Release|Any CPU
	EndGlobalSection
	GlobalSection(ProjectConfigurationPlatforms) = postSolution
		{21F52AB2-59F5-4E93-AA90-128D1A15128D}.Debug|Any CPU.ActiveCfg = Debug|Any CPU
		{21F52AB2-59F5-4E93-AA90-128D1A15128D}.Debug|Any CPU.Build.0 = Debug|Any CPU
		{21F52AB2-59F5-4E93-AA90-128D1A15128D}.Release|Any CPU.ActiveCfg = Release|Any CPU
		{21F52AB2-59F5-4E93-AA90-128D1A15128D}.Release|Any CPU.Build.0 = Release|Any CPU
	EndGlobalSection
	GlobalSection(SolutionProperties) = preSolution
		HideSolutionNode = FALSE
	EndGlobalSection
	GlobalSection(ExtensibilityGlobals) = postSolution
		SolutionGuid = {BD816B98-7D95-4A55-97E6-35B062329454}
	EndGlobalSection
EndGlobal
